
Microsoft Visual Studio Solution File, Format Version 12.00
# Visual Studio Version 17
VisualStudioVersion = 17.2.32630.192
MinimumVisualStudioVersion = 10.0.40219.1
Project("{FAE04EC0-301F-11D3-BF4B-00C04F79EFBC}") = "IT488_Group1_Project", "IT488_Group1_Project\IT488_Group1_Project.csproj", "{E3741F72-CAF7-4EB5-9171-152E9552F158}"
EndProject
Global
	GlobalSection(SolutionConfigurationPlatforms) = preSolution
		Debug|Any CPU = Debug|Any CPU
		Release|Any CPU = Release|Any CPU
	EndGlobalSection
	GlobalSection(ProjectConfigurationPlatforms) = postSolution
		{E3741F72-CAF7-4EB5-9171-152E9552F158}.Debug|Any CPU.ActiveCfg = Debug|Any CPU
		{E3741F72-CAF7-4EB5-9171-152E9552F158}.Debug|Any CPU.Build.0 = Debug|Any CPU
		{E3741F72-CAF7-4EB5-9171-152E9552F158}.Release|Any CPU.ActiveCfg = Release|Any CPU
		{E3741F72-CAF7-4EB5-9171-152E9552F158}.Release|Any CPU.Build.0 = Release|Any CPU
	EndGlobalSection
	GlobalSection(SolutionProperties) = preSolution
		HideSolutionNode = FALSE
	EndGlobalSection
	GlobalSection(ExtensibilityGlobals) = postSolution
		SolutionGuid = {4216E2D0-3D9B-4ED0-8BD5-FC0B9EE70B08}
	EndGlobalSection
EndGlobal
